# THIS IS AN AUTOGENERATED FILE. DO NOT EDIT THIS FILE DIRECTLY.
# yarn lockfile v1


es2015-i18n-tag@^1.6.0:
  version "1.6.0"
  resolved "https://registry.yarnpkg.com/es2015-i18n-tag/-/es2015-i18n-tag-1.6.0.tgz#c6c791b8810c1d26e093d3a19c34c05bb7647c8e"
  integrity sha512-VXpTiLjQgCq95NLveGUbFtzRsHa/0AhuKhD0rngC2fe+aClsZZMocD238BzvRdO9QIa6aMJlUEPaqpXiPoc1Iw==

intl@^1.2.5:
  version "1.2.5"
  resolved "https://registry.yarnpkg.com/intl/-/intl-1.2.5.tgz#82244a2190c4e419f8371f5aa34daa3420e2abde"
  integrity sha1-giRKIZDE5Bn4Nx9ao02qNCDiq94=
